
Microsoft Visual Studio Solution File, Format Version 12.00
# Visual Studio Version 17
VisualStudioVersion = 17.7.34024.191
MinimumVisualStudioVersion = 10.0.40219.1
Project("{8BC9CEB8-8B4A-11D0-8D11-00A0C91BC942}") = "OneHand", "OneHand\OneHand.vcxproj", "{56C33D6D-D4F9-44CF-B6E4-5188B6D6E9D5}"
EndProject
Global
	GlobalSection(SolutionConfigurationPlatforms) = preSolution
		Debug|x64 = Debug|x64
		Debug|x86 = Debug|x86
		Release|x64 = Release|x64
		Release|x86 = Release|x86
	EndGlobalSection
	GlobalSection(ProjectConfigurationPlatforms) = postSolution
		{56C33D6D-D4F9-44CF-B6E4-5188B6D6E9D5}.Debug|x64.ActiveCfg = Debug|x64
		{56C33D6D-D4F9-44CF-B6E4-5188B6D6E9D5}.Debug|x64.Build.0 = Debug|x64
		{56C33D6D-D4F9-44CF-B6E4-5188B6D6E9D5}.Debug|x86.ActiveCfg = Debug|Win32
		{56C33D6D-D4F9-44CF-B6E4-5188B6D6E9D5}.Debug|x86.Build.0 = Debug|Win32
		{56C33D6D-D4F9-44CF-B6E4-5188B6D6E9D5}.Release|x64.ActiveCfg = Release|x64
		{56C33D6D-D4F9-44CF-B6E4-5188B6D6E9D5}.Release|x64.Build.0 = Release|x64
		{56C33D6D-D4F9-44CF-B6E4-5188B6D6E9D5}.Release|x86.ActiveCfg = Release|Win32
		{56C33D6D-D4F9-44CF-B6E4-5188B6D6E9D5}.Release|x86.Build.0 = Release|Win32
	EndGlobalSection
	GlobalSection(SolutionProperties) = preSolution
		HideSolutionNode = FALSE
	EndGlobalSection
	GlobalSection(ExtensibilityGlobals) = postSolution
		SolutionGuid = {D510E980-0C55-4465-B15F-91FF62440FF0}
	EndGlobalSection
EndGlobal
